// !$*UTF8*$!
{
	archiveVersion = 1;
	classes = {
	};
	objectVersion = 56;
	objects = {

/* Begin PBXBuildFile section */
		3AF24F0B2C0E135A0090E833 /* BleDataConver.swift in Sources */ = {isa = PBXBuildFile; fileRef = 3AF24F0A2C0E135A0090E833 /* BleDataConver.swift */; };
		3AF24F0D2C0E16BB0090E833 /* BlueToothHelper+Extension.swift in Sources */ = {isa = PBXBuildFile; fileRef = 3AF24F0C2C0E16BB0090E833 /* BlueToothHelper+Extension.swift */; };
		3AF24F0F2C0E17720090E833 /* HandleProtocal.swift in Sources */ = {isa = PBXBuildFile; fileRef = 3AF24F0E2C0E17720090E833 /* HandleProtocal.swift */; };
		E537F0B52C0D4F52006BFFBD /* AppDelegate.swift in Sources */ = {isa = PBXBuildFile; fileRef = E537F0B42C0D4F52006BFFBD /* AppDelegate.swift */; };
		E537F0BE2C0D4F55006BFFBD /* Assets.xcassets in Resources */ = {isa = PBXBuildFile; fileRef = E537F0BD2C0D4F55006BFFBD /* Assets.xcassets */; };
		E537F0C12C0D4F55006BFFBD /* Base in Resources */ = {isa = PBXBuildFile; fileRef = E537F0C02C0D4F55006BFFBD /* Base */; };
		E537F0CB2C0D53EA006BFFBD /* RootViewController.swift in Sources */ = {isa = PBXBuildFile; fileRef = E537F0CA2C0D53EA006BFFBD /* RootViewController.swift */; };
		E537F0D52C0D5D53006BFFBD /* Kingfisher in Frameworks */ = {isa = PBXBuildFile; productRef = E537F0D42C0D5D53006BFFBD /* Kingfisher */; };
		E565E2CC2C0DA41400E76B86 /* BlueToothHelper.swift in Sources */ = {isa = PBXBuildFile; fileRef = E565E2CB2C0DA41400E76B86 /* BlueToothHelper.swift */; };
		E565E2D02C0DA50800E76B86 /* ScanListViewController.swift in Sources */ = {isa = PBXBuildFile; fileRef = E565E2CE2C0DA50800E76B86 /* ScanListViewController.swift */; };
		E565E2D32C0DA90A00E76B86 /* CYConstants.swift in Sources */ = {isa = PBXBuildFile; fileRef = E565E2D22C0DA90A00E76B86 /* CYConstants.swift */; };
		E57D0C322C10000800BCCE78 /* HandleViewController.swift in Sources */ = {isa = PBXBuildFile; fileRef = E57D0C312C10000800BCCE78 /* HandleViewController.swift */; };
		E57D0C362C10006F00BCCE78 /* FCHandleView.swift in Sources */ = {isa = PBXBuildFile; fileRef = E57D0C352C10006F00BCCE78 /* FCHandleView.swift */; };
		E57D0C382C102E7200BCCE78 /* HandleItem.swift in Sources */ = {isa = PBXBuildFile; fileRef = E57D0C372C102E7200BCCE78 /* HandleItem.swift */; };
		E57D0C3A2C10341600BCCE78 /* ColorUtils.swift in Sources */ = {isa = PBXBuildFile; fileRef = E57D0C392C10341600BCCE78 /* ColorUtils.swift */; };
		E5B232F62C0DB2F100DB9218 /* SnapKit in Frameworks */ = {isa = PBXBuildFile; productRef = E5B232F52C0DB2F100DB9218 /* SnapKit */; };
		E5B232F92C0DB30C00DB9218 /* Alamofire in Frameworks */ = {isa = PBXBuildFile; productRef = E5B232F82C0DB30C00DB9218 /* Alamofire */; };
/* End PBXBuildFile section */

/* Begin PBXFileReference section */
		3AF24F0A2C0E135A0090E833 /* BleDataConver.swift */ = {isa = PBXFileReference; lastKnownFileType = sourcecode.swift; path = BleDataConver.swift; sourceTree = "<group>"; };
		3AF24F0C2C0E16BB0090E833 /* BlueToothHelper+Extension.swift */ = {isa = PBXFileReference; lastKnownFileType = sourcecode.swift; path = "BlueToothHelper+Extension.swift"; sourceTree = "<group>"; };
		3AF24F0E2C0E17720090E833 /* HandleProtocal.swift */ = {isa = PBXFileReference; lastKnownFileType = sourcecode.swift; path = HandleProtocal.swift; sourceTree = "<group>"; };
		E537F0B12C0D4F52006BFFBD /* Gamepad.app */ = {isa = PBXFileReference; explicitFileType = wrapper.application; includeInIndex = 0; path = Gamepad.app; sourceTree = BUILT_PRODUCTS_DIR; };
		E537F0B42C0D4F52006BFFBD /* AppDelegate.swift */ = {isa = PBXFileReference; lastKnownFileType = sourcecode.swift; path = AppDelegate.swift; sourceTree = "<group>"; };
		E537F0BD2C0D4F55006BFFBD /* Assets.xcassets */ = {isa = PBXFileReference; lastKnownFileType = folder.assetcatalog; path = Assets.xcassets; sourceTree = "<group>"; };
		E537F0C02C0D4F55006BFFBD /* Base */ = {isa = PBXFileReference; lastKnownFileType = file.storyboard; name = Base; path = Base.lproj/LaunchScreen.storyboard; sourceTree = "<group>"; };
		E537F0C22C0D4F55006BFFBD /* Info.plist */ = {isa = PBXFileReference; lastKnownFileType = text.plist.xml; path = Info.plist; sourceTree = "<group>"; };
		E537F0CA2C0D53EA006BFFBD /* RootViewController.swift */ = {isa = PBXFileReference; lastKnownFileType = sourcecode.swift; path = RootViewController.swift; sourceTree = "<group>"; };
		E565E2CB2C0DA41400E76B86 /* BlueToothHelper.swift */ = {isa = PBXFileReference; lastKnownFileType = sourcecode.swift; path = BlueToothHelper.swift; sourceTree = "<group>"; };
		E565E2CE2C0DA50800E76B86 /* ScanListViewController.swift */ = {isa = PBXFileReference; lastKnownFileType = sourcecode.swift; path = ScanListViewController.swift; sourceTree = "<group>"; };
		E565E2D22C0DA90A00E76B86 /* CYConstants.swift */ = {isa = PBXFileReference; lastKnownFileType = sourcecode.swift; path = CYConstants.swift; sourceTree = "<group>"; };
		E57D0C312C10000800BCCE78 /* HandleViewController.swift */ = {isa = PBXFileReference; lastKnownFileType = sourcecode.swift; path = HandleViewController.swift; sourceTree = "<group>"; };
		E57D0C352C10006F00BCCE78 /* FCHandleView.swift */ = {isa = PBXFileReference; lastKnownFileType = sourcecode.swift; path = FCHandleView.swift; sourceTree = "<group>"; };
		E57D0C372C102E7200BCCE78 /* HandleItem.swift */ = {isa = PBXFileReference; lastKnownFileType = sourcecode.swift; path = HandleItem.swift; sourceTree = "<group>"; };
		E57D0C392C10341600BCCE78 /* ColorUtils.swift */ = {isa = PBXFileReference; lastKnownFileType = sourcecode.swift; path = ColorUtils.swift; sourceTree = "<group>"; };
/* End PBXFileReference section */

/* Begin PBXFrameworksBuildPhase section */
		E537F0AE2C0D4F52006BFFBD /* Frameworks */ = {
			isa = PBXFrameworksBuildPhase;
			buildActionMask = 2147483647;
			files = (
				E5B232F92C0DB30C00DB9218 /* Alamofire in Frameworks */,
				E537F0D52C0D5D53006BFFBD /* Kingfisher in Frameworks */,
				E5B232F62C0DB2F100DB9218 /* SnapKit in Frameworks */,
			);
			runOnlyForDeploymentPostprocessing = 0;
		};
/* End PBXFrameworksBuildPhase section */

/* Begin PBXGroup section */
		E537F0A82C0D4F52006BFFBD = {
			isa = PBXGroup;
			children = (
				E537F0B32C0D4F52006BFFBD /* Gamepad */,
				E537F0B22C0D4F52006BFFBD /* Products */,
			);
			sourceTree = "<group>";
		};
		E537F0B22C0D4F52006BFFBD /* Products */ = {
			isa = PBXGroup;
			children = (
				E537F0B12C0D4F52006BFFBD /* Gamepad.app */,
			);
			name = Products;
			sourceTree = "<group>";
		};
		E537F0B32C0D4F52006BFFBD /* Gamepad */ = {
			isa = PBXGroup;
			children = (
				E565E2CA2C0DA3BC00E76B86 /* Utils */,
				E537F0B42C0D4F52006BFFBD /* AppDelegate.swift */,
				E537F0CC2C0D55AF006BFFBD /* Page */,
				E537F0BD2C0D4F55006BFFBD /* Assets.xcassets */,
				E537F0BF2C0D4F55006BFFBD /* LaunchScreen.storyboard */,
				E537F0C22C0D4F55006BFFBD /* Info.plist */,
			);
			path = Gamepad;
			sourceTree = "<group>";
		};
		E537F0CC2C0D55AF006BFFBD /* Page */ = {
			isa = PBXGroup;
			children = (
				E565E2CD2C0DA4BD00E76B86 /* New Group */,
				E537F0CD2C0D5602006BFFBD /* Root */,
				E565E2CE2C0DA50800E76B86 /* ScanListViewController.swift */,
				E57D0C332C10001300BCCE78 /* Handle */,
			);
			path = Page;
			sourceTree = "<group>";
		};
		E537F0CD2C0D5602006BFFBD /* Root */ = {
			isa = PBXGroup;
			children = (
				E537F0CA2C0D53EA006BFFBD /* RootViewController.swift */,
			);
			path = Root;
			sourceTree = "<group>";
		};
		E565E2CA2C0DA3BC00E76B86 /* Utils */ = {
			isa = PBXGroup;
			children = (
				E565E2CB2C0DA41400E76B86 /* BlueToothHelper.swift */,
				3AF24F0C2C0E16BB0090E833 /* BlueToothHelper+Extension.swift */,
				3AF24F0A2C0E135A0090E833 /* BleDataConver.swift */,
				E565E2D22C0DA90A00E76B86 /* CYConstants.swift */,
				3AF24F0E2C0E17720090E833 /* HandleProtocal.swift */,
				E57D0C392C10341600BCCE78 /* ColorUtils.swift */,
			);
			path = Utils;
			sourceTree = "<group>";
		};
		E565E2CD2C0DA4BD00E76B86 /* New Group */ = {
			isa = PBXGroup;
			children = (
			);
			path = "New Group";
			sourceTree = "<group>";
		};
		E57D0C332C10001300BCCE78 /* Handle */ = {
			isa = PBXGroup;
			children = (
				E57D0C342C10003200BCCE78 /* View */,
				E57D0C312C10000800BCCE78 /* HandleViewController.swift */,
			);
			path = Handle;
			sourceTree = "<group>";
		};
		E57D0C342C10003200BCCE78 /* View */ = {
			isa = PBXGroup;
			children = (
				E57D0C352C10006F00BCCE78 /* FCHandleView.swift */,
				E57D0C372C102E7200BCCE78 /* HandleItem.swift */,
			);
			path = View;
			sourceTree = "<group>";
		};
/* End PBXGroup section */

/* Begin PBXNativeTarget section */
		E537F0B02C0D4F52006BFFBD /* Gamepad */ = {
			isa = PBXNativeTarget;
			buildConfigurationList = E537F0C52C0D4F55006BFFBD /* Build configuration list for PBXNativeTarget "Gamepad" */;
			buildPhases = (
				E537F0AD2C0D4F52006BFFBD /* Sources */,
				E537F0AE2C0D4F52006BFFBD /* Frameworks */,
				E537F0AF2C0D4F52006BFFBD /* Resources */,
			);
			buildRules = (
			);
			dependencies = (
			);
			name = Gamepad;
			packageProductDependencies = (
				E537F0D42C0D5D53006BFFBD /* Kingfisher */,
				E5B232F52C0DB2F100DB9218 /* SnapKit */,
				E5B232F82C0DB30C00DB9218 /* Alamofire */,
			);
			productName = Gamepad;
			productReference = E537F0B12C0D4F52006BFFBD /* Gamepad.app */;
			productType = "com.apple.product-type.application";
		};
/* End PBXNativeTarget section */

/* Begin PBXProject section */
		E537F0A92C0D4F52006BFFBD /* Project object */ = {
			isa = PBXProject;
			attributes = {
				BuildIndependentTargetsInParallel = 1;
				LastSwiftUpdateCheck = 1530;
				LastUpgradeCheck = 1530;
				TargetAttributes = {
					E537F0B02C0D4F52006BFFBD = {
						CreatedOnToolsVersion = 15.3;
					};
				};
			};
			buildConfigurationList = E537F0AC2C0D4F52006BFFBD /* Build configuration list for PBXProject "Gamepad" */;
			compatibilityVersion = "Xcode 14.0";
			developmentRegion = en;
			hasScannedForEncodings = 0;
			knownRegions = (
				en,
				Base,
			);
			mainGroup = E537F0A82C0D4F52006BFFBD;
			packageReferences = (
				E537F0D32C0D5D53006BFFBD /* XCRemoteSwiftPackageReference "Kingfisher" */,
				E5B232F42C0DB2F100DB9218 /* XCRemoteSwiftPackageReference "SnapKit" */,
				E5B232F72C0DB30C00DB9218 /* XCRemoteSwiftPackageReference "Alamofire" */,
			);
			productRefGroup = E537F0B22C0D4F52006BFFBD /* Products */;
			projectDirPath = "";
			projectRoot = "";
			targets = (
				E537F0B02C0D4F52006BFFBD /* Gamepad */,
			);
		};
/* End PBXProject section */

/* Begin PBXResourcesBuildPhase section */
		E537F0AF2C0D4F52006BFFBD /* Resources */ = {
			isa = PBXResourcesBuildPhase;
			buildActionMask = 2147483647;
			files = (
				E537F0BE2C0D4F55006BFFBD /* Assets.xcassets in Resources */,
				E537F0C12C0D4F55006BFFBD /* Base in Resources */,
			);
			runOnlyForDeploymentPostprocessing = 0;
		};
/* End PBXResourcesBuildPhase section */

/* Begin PBXSourcesBuildPhase section */
		E537F0AD2C0D4F52006BFFBD /* Sources */ = {
			isa = PBXSourcesBuildPhase;
			buildActionMask = 2147483647;
			files = (
				E537F0B52C0D4F52006BFFBD /* AppDelegate.swift in Sources */,
				E57D0C382C102E7200BCCE78 /* HandleItem.swift in Sources */,
				E565E2CC2C0DA41400E76B86 /* BlueToothHelper.swift in Sources */,
				E57D0C3A2C10341600BCCE78 /* ColorUtils.swift in Sources */,
				3AF24F0B2C0E135A0090E833 /* BleDataConver.swift in Sources */,
				E57D0C362C10006F00BCCE78 /* FCHandleView.swift in Sources */,
				3AF24F0D2C0E16BB0090E833 /* BlueToothHelper+Extension.swift in Sources */,
				E565E2D32C0DA90A00E76B86 /* CYConstants.swift in Sources */,
				E537F0CB2C0D53EA006BFFBD /* RootViewController.swift in Sources */,
				E565E2D02C0DA50800E76B86 /* ScanListViewController.swift in Sources */,
				E57D0C322C10000800BCCE78 /* HandleViewController.swift in Sources */,
				3AF24F0F2C0E17720090E833 /* HandleProtocal.swift in Sources */,
			);
			runOnlyForDeploymentPostprocessing = 0;
		};
/* End PBXSourcesBuildPhase section */

/* Begin PBXVariantGroup section */
		E537F0BF2C0D4F55006BFFBD /* LaunchScreen.storyboard */ = {
			isa = PBXVariantGroup;
			children = (
				E537F0C02C0D4F55006BFFBD /* Base */,
			);
			name = LaunchScreen.storyboard;
			sourceTree = "<group>";
		};
/* End PBXVariantGroup section */

/* Begin XCBuildConfiguration section */
		E537F0C32C0D4F55006BFFBD /* Debug */ = {
			isa = XCBuildConfiguration;
			buildSettings = {
				ALWAYS_SEARCH_USER_PATHS = NO;
				ASSETCATALOG_COMPILER_GENERATE_SWIFT_ASSET_SYMBOL_EXTENSIONS = YES;
				CLANG_ANALYZER_NONNULL = YES;
				CLANG_ANALYZER_NUMBER_OBJECT_CONVERSION = YES_AGGRESSIVE;
				CLANG_CXX_LANGUAGE_STANDARD = "gnu++20";
				CLANG_ENABLE_MODULES = YES;
				CLANG_ENABLE_OBJC_ARC = YES;
				CLANG_ENABLE_OBJC_WEAK = YES;
				CLANG_WARN_BLOCK_CAPTURE_AUTORELEASING = YES;
				CLANG_WARN_BOOL_CONVERSION = YES;
				CLANG_WARN_COMMA = YES;
				CLANG_WARN_CONSTANT_CONVERSION = YES;
				CLANG_WARN_DEPRECATED_OBJC_IMPLEMENTATIONS = YES;
				CLANG_WARN_DIRECT_OBJC_ISA_USAGE = YES_ERROR;
				CLANG_WARN_DOCUMENTATION_COMMENTS = YES;
				CLANG_WARN_EMPTY_BODY = YES;
				CLANG_WARN_ENUM_CONVERSION = YES;
				CLANG_WARN_INFINITE_RECURSION = YES;
				CLANG_WARN_INT_CONVERSION = YES;
				CLANG_WARN_NON_LITERAL_NULL_CONVERSION = YES;
				CLANG_WARN_OBJC_IMPLICIT_RETAIN_SELF = YES;
				CLANG_WARN_OBJC_LITERAL_CONVERSION = YES;
				CLANG_WARN_OBJC_ROOT_CLASS = YES_ERROR;
				CLANG_WARN_QUOTED_INCLUDE_IN_FRAMEWORK_HEADER = YES;
				CLANG_WARN_RANGE_LOOP_ANALYSIS = YES;
				CLANG_WARN_STRICT_PROTOTYPES = YES;
				CLANG_WARN_SUSPICIOUS_MOVE = YES;
				CLANG_WARN_UNGUARDED_AVAILABILITY = YES_AGGRESSIVE;
				CLANG_WARN_UNREACHABLE_CODE = YES;
				CLANG_WARN__DUPLICATE_METHOD_MATCH = YES;
				COPY_PHASE_STRIP = NO;
				DEBUG_INFORMATION_FORMAT = dwarf;
				ENABLE_STRICT_OBJC_MSGSEND = YES;
				ENABLE_TESTABILITY = YES;
				ENABLE_USER_SCRIPT_SANDBOXING = YES;
				GCC_C_LANGUAGE_STANDARD = gnu17;
				GCC_DYNAMIC_NO_PIC = NO;
				GCC_NO_COMMON_BLOCKS = YES;
				GCC_OPTIMIZATION_LEVEL = 0;
				GCC_PREPROCESSOR_DEFINITIONS = (
					"DEBUG=1",
					"$(inherited)",
				);
				GCC_WARN_64_TO_32_BIT_CONVERSION = YES;
				GCC_WARN_ABOUT_RETURN_TYPE = YES_ERROR;
				GCC_WARN_UNDECLARED_SELECTOR = YES;
				GCC_WARN_UNINITIALIZED_AUTOS = YES_AGGRESSIVE;
				GCC_WARN_UNUSED_FUNCTION = YES;
				GCC_WARN_UNUSED_VARIABLE = YES;
				IPHONEOS_DEPLOYMENT_TARGET = 17.4;
				LOCALIZATION_PREFERS_STRING_CATALOGS = YES;
				MTL_ENABLE_DEBUG_INFO = INCLUDE_SOURCE;
				MTL_FAST_MATH = YES;
				ONLY_ACTIVE_ARCH = YES;
				SDKROOT = iphoneos;
				SWIFT_ACTIVE_COMPILATION_CONDITIONS = "DEBUG $(inherited)";
				SWIFT_OPTIMIZATION_LEVEL = "-Onone";
			};
			name = Debug;
		};
		E537F0C42C0D4F55006BFFBD /* Release */ = {
			isa = XCBuildConfiguration;
			buildSettings = {
				ALWAYS_SEARCH_USER_PATHS = NO;
				ASSETCATALOG_COMPILER_GENERATE_SWIFT_ASSET_SYMBOL_EXTENSIONS = YES;
				CLANG_ANALYZER_NONNULL = YES;
				CLANG_ANALYZER_NUMBER_OBJECT_CONVERSION = YES_AGGRESSIVE;
				CLANG_CXX_LANGUAGE_STANDARD = "gnu++20";
				CLANG_ENABLE_MODULES = YES;
				CLANG_ENABLE_OBJC_ARC = YES;
				CLANG_ENABLE_OBJC_WEAK = YES;
				CLANG_WARN_BLOCK_CAPTURE_AUTORELEASING = YES;
				CLANG_WARN_BOOL_CONVERSION = YES;
				CLANG_WARN_COMMA = YES;
				CLANG_WARN_CONSTANT_CONVERSION = YES;
				CLANG_WARN_DEPRECATED_OBJC_IMPLEMENTATIONS = YES;
				CLANG_WARN_DIRECT_OBJC_ISA_USAGE = YES_ERROR;
				CLANG_WARN_DOCUMENTATION_COMMENTS = YES;
				CLANG_WARN_EMPTY_BODY = YES;
				CLANG_WARN_ENUM_CONVERSION = YES;
				CLANG_WARN_INFINITE_RECURSION = YES;
				CLANG_WARN_INT_CONVERSION = YES;
				CLANG_WARN_NON_LITERAL_NULL_CONVERSION = YES;
				CLANG_WARN_OBJC_IMPLICIT_RETAIN_SELF = YES;
				CLANG_WARN_OBJC_LITERAL_CONVERSION = YES;
				CLANG_WARN_OBJC_ROOT_CLASS = YES_ERROR;
				CLANG_WARN_QUOTED_INCLUDE_IN_FRAMEWORK_HEADER = YES;
				CLANG_WARN_RANGE_LOOP_ANALYSIS = YES;
				CLANG_WARN_STRICT_PROTOTYPES = YES;
				CLANG_WARN_SUSPICIOUS_MOVE = YES;
				CLANG_WARN_UNGUARDED_AVAILABILITY = YES_AGGRESSIVE;
				CLANG_WARN_UNREACHABLE_CODE = YES;
				CLANG_WARN__DUPLICATE_METHOD_MATCH = YES;
				COPY_PHASE_STRIP = NO;
				DEBUG_INFORMATION_FORMAT = "dwarf-with-dsym";
				ENABLE_NS_ASSERTIONS = NO;
				ENABLE_STRICT_OBJC_MSGSEND = YES;
				ENABLE_USER_SCRIPT_SANDBOXING = YES;
				GCC_C_LANGUAGE_STANDARD = gnu17;
				GCC_NO_COMMON_BLOCKS = YES;
				GCC_WARN_64_TO_32_BIT_CONVERSION = YES;
				GCC_WARN_ABOUT_RETURN_TYPE = YES_ERROR;
				GCC_WARN_UNDECLARED_SELECTOR = YES;
				GCC_WARN_UNINITIALIZED_AUTOS = YES_AGGRESSIVE;
				GCC_WARN_UNUSED_FUNCTION = YES;
				GCC_WARN_UNUSED_VARIABLE = YES;
				IPHONEOS_DEPLOYMENT_TARGET = 17.4;
				LOCALIZATION_PREFERS_STRING_CATALOGS = YES;
				MTL_ENABLE_DEBUG_INFO = NO;
				MTL_FAST_MATH = YES;
				SDKROOT = iphoneos;
				SWIFT_COMPILATION_MODE = wholemodule;
				VALIDATE_PRODUCT = YES;
			};
			name = Release;
		};
		E537F0C62C0D4F55006BFFBD /* Debug */ = {
			isa = XCBuildConfiguration;
			buildSettings = {
				ASSETCATALOG_COMPILER_APPICON_NAME = AppIcon;
				ASSETCATALOG_COMPILER_GLOBAL_ACCENT_COLOR_NAME = AccentColor;
				CODE_SIGN_STYLE = Automatic;
				CURRENT_PROJECT_VERSION = 1;
				DEVELOPMENT_TEAM = DSWQW3YJVV;
				GENERATE_INFOPLIST_FILE = YES;
				INFOPLIST_FILE = Gamepad/Info.plist;
				INFOPLIST_KEY_NSBluetoothAlwaysUsageDescription = "链接蓝牙设备，需要您同意蓝牙权限";
				INFOPLIST_KEY_UIApplicationSupportsIndirectInputEvents = YES;
				INFOPLIST_KEY_UILaunchStoryboardName = LaunchScreen;
				INFOPLIST_KEY_UISupportedInterfaceOrientations = UIInterfaceOrientationLandscapeRight;
				IPHONEOS_DEPLOYMENT_TARGET = 13.0;
				LD_RUNPATH_SEARCH_PATHS = (
					"$(inherited)",
					"@executable_path/Frameworks",
				);
				MARKETING_VERSION = 1.0;
				PRODUCT_BUNDLE_IDENTIFIER = com.swrcb.wdit.Gamepad;
				PRODUCT_NAME = "$(TARGET_NAME)";
				SWIFT_EMIT_LOC_STRINGS = YES;
				SWIFT_VERSION = 5.0;
				TARGETED_DEVICE_FAMILY = "1,2";
			};
			name = Debug;
		};
		E537F0C72C0D4F55006BFFBD /* Release */ = {
			isa = XCBuildConfiguration;
			buildSettings = {
				ASSETCATALOG_COMPILER_APPICON_NAME = AppIcon;
				ASSETCATALOG_COMPILER_GLOBAL_ACCENT_COLOR_NAME = AccentColor;
				CODE_SIGN_STYLE = Automatic;
				CURRENT_PROJECT_VERSION = 1;
				DEVELOPMENT_TEAM = DSWQW3YJVV;
				GENERATE_INFOPLIST_FILE = YES;
				INFOPLIST_FILE = Gamepad/Info.plist;
				INFOPLIST_KEY_NSBluetoothAlwaysUsageDescription = "链接蓝牙设备，需要您同意蓝牙权限";
				INFOPLIST_KEY_UIApplicationSupportsIndirectInputEvents = YES;
				INFOPLIST_KEY_UILaunchStoryboardName = LaunchScreen;
				INFOPLIST_KEY_UISupportedInterfaceOrientations = UIInterfaceOrientationLandscapeRight;
				IPHONEOS_DEPLOYMENT_TARGET = 13.0;
				LD_RUNPATH_SEARCH_PATHS = (
					"$(inherited)",
					"@executable_path/Frameworks",
				);
				MARKETING_VERSION = 1.0;
				PRODUCT_BUNDLE_IDENTIFIER = com.swrcb.wdit.Gamepad;
				PRODUCT_NAME = "$(TARGET_NAME)";
				SWIFT_EMIT_LOC_STRINGS = YES;
				SWIFT_VERSION = 5.0;
				TARGETED_DEVICE_FAMILY = "1,2";
			};
			name = Release;
		};
/* End XCBuildConfiguration section */

/* Begin XCConfigurationList section */
		E537F0AC2C0D4F52006BFFBD /* Build configuration list for PBXProject "Gamepad" */ = {
			isa = XCConfigurationList;
			buildConfigurations = (
				E537F0C32C0D4F55006BFFBD /* Debug */,
				E537F0C42C0D4F55006BFFBD /* Release */,
			);
			defaultConfigurationIsVisible = 0;
			defaultConfigurationName = Release;
		};
		E537F0C52C0D4F55006BFFBD /* Build configuration list for PBXNativeTarget "Gamepad" */ = {
			isa = XCConfigurationList;
			buildConfigurations = (
				E537F0C62C0D4F55006BFFBD /* Debug */,
				E537F0C72C0D4F55006BFFBD /* Release */,
			);
			defaultConfigurationIsVisible = 0;
			defaultConfigurationName = Release;
		};
/* End XCConfigurationList section */

/* Begin XCRemoteSwiftPackageReference section */
		E537F0D32C0D5D53006BFFBD /* XCRemoteSwiftPackageReference "Kingfisher" */ = {
			isa = XCRemoteSwiftPackageReference;
			repositoryURL = "https://github.com/onevcat/Kingfisher";
			requirement = {
				kind = upToNextMajorVersion;
				minimumVersion = 7.11.0;
			};
		};
		E5B232F42C0DB2F100DB9218 /* XCRemoteSwiftPackageReference "SnapKit" */ = {
			isa = XCRemoteSwiftPackageReference;
			repositoryURL = "https://github.com/SnapKit/SnapKit";
			requirement = {
				kind = upToNextMajorVersion;
				minimumVersion = 5.7.1;
			};
		};
		E5B232F72C0DB30C00DB9218 /* XCRemoteSwiftPackageReference "Alamofire" */ = {
			isa = XCRemoteSwiftPackageReference;
			repositoryURL = "https://github.com/Alamofire/Alamofire";
			requirement = {
				kind = upToNextMajorVersion;
				minimumVersion = 5.9.1;
			};
		};
/* End XCRemoteSwiftPackageReference section */

/* Begin XCSwiftPackageProductDependency section */
		E537F0D42C0D5D53006BFFBD /* Kingfisher */ = {
			isa = XCSwiftPackageProductDependency;
			package = E537F0D32C0D5D53006BFFBD /* XCRemoteSwiftPackageReference "Kingfisher" */;
			productName = Kingfisher;
		};
		E5B232F52C0DB2F100DB9218 /* SnapKit */ = {
			isa = XCSwiftPackageProductDependency;
			package = E5B232F42C0DB2F100DB9218 /* XCRemoteSwiftPackageReference "SnapKit" */;
			productName = SnapKit;
		};
		E5B232F82C0DB30C00DB9218 /* Alamofire */ = {
			isa = XCSwiftPackageProductDependency;
			package = E5B232F72C0DB30C00DB9218 /* XCRemoteSwiftPackageReference "Alamofire" */;
			productName = Alamofire;
		};
/* End XCSwiftPackageProductDependency section */
	};
	rootObject = E537F0A92C0D4F52006BFFBD /* Project object */;
}
